
Microsoft Visual Studio Solution File, Format Version 12.00
# Visual Studio 14
VisualStudioVersion = 14.0.25420.1
MinimumVisualStudioVersion = 10.0.40219.1
Project("{8BC9CEB8-8B4A-11D0-8D11-00A0C91BC942}") = "MemoryNameSrv", "MemoryNameSrv\MemoryNameSrv.vcxproj", "{EB95CA60-B6D4-4B51-B1CF-90FFA25161FC}"
EndProject
Project("{8BC9CEB8-8B4A-11D0-8D11-00A0C91BC942}") = "Server", "Server\Server.vcxproj", "{2F4E0C22-9EA3-4555-B5CA-4F04D95E670F}"
	ProjectSection(ProjectDependencies) = postProject
		{EB95CA60-B6D4-4B51-B1CF-90FFA25161FC} = {EB95CA60-B6D4-4B51-B1CF-90FFA25161FC}
		{16CC2399-905A-4FE0-B1E4-DC2477971D6E} = {16CC2399-905A-4FE0-B1E4-DC2477971D6E}
	EndProjectSection
EndProject
Project("{8BC9CEB8-8B4A-11D0-8D11-00A0C91BC942}") = "Client", "Client\Client.vcxproj", "{62707EB8-A645-462A-8143-B0FE6484A9CC}"
	ProjectSection(ProjectDependencies) = postProject
		{EB95CA60-B6D4-4B51-B1CF-90FFA25161FC} = {EB95CA60-B6D4-4B51-B1CF-90FFA25161FC}
		{16CC2399-905A-4FE0-B1E4-DC2477971D6E} = {16CC2399-905A-4FE0-B1E4-DC2477971D6E}
	EndProjectSection
EndProject
Project("{8BC9CEB8-8B4A-11D0-8D11-00A0C91BC942}") = "CommonCode", "CommonCode\CommonCode.vcxproj", "{16CC2399-905A-4FE0-B1E4-DC2477971D6E}"
	ProjectSection(ProjectDependencies) = postProject
		{EB95CA60-B6D4-4B51-B1CF-90FFA25161FC} = {EB95CA60-B6D4-4B51-B1CF-90FFA25161FC}
	EndProjectSection
EndProject
Global
	GlobalSection(SolutionConfigurationPlatforms) = preSolution
		Debug|x64 = Debug|x64
		Debug|x86 = Debug|x86
		Release|x64 = Release|x64
		Release|x86 = Release|x86
	EndGlobalSection
	GlobalSection(ProjectConfigurationPlatforms) = postSolution
		{EB95CA60-B6D4-4B51-B1CF-90FFA25161FC}.Debug|x64.ActiveCfg = Release|x64
		{EB95CA60-B6D4-4B51-B1CF-90FFA25161FC}.Debug|x86.ActiveCfg = Debug|Win32
		{EB95CA60-B6D4-4B51-B1CF-90FFA25161FC}.Debug|x86.Build.0 = Debug|Win32
		{EB95CA60-B6D4-4B51-B1CF-90FFA25161FC}.Release|x64.ActiveCfg = Release|x64
		{EB95CA60-B6D4-4B51-B1CF-90FFA25161FC}.Release|x86.ActiveCfg = Release|Win32
		{EB95CA60-B6D4-4B51-B1CF-90FFA25161FC}.Release|x86.Build.0 = Release|Win32
		{2F4E0C22-9EA3-4555-B5CA-4F04D95E670F}.Debug|x64.ActiveCfg = Release|x64
		{2F4E0C22-9EA3-4555-B5CA-4F04D95E670F}.Debug|x86.ActiveCfg = Debug|Win32
		{2F4E0C22-9EA3-4555-B5CA-4F04D95E670F}.Debug|x86.Build.0 = Debug|Win32
		{2F4E0C22-9EA3-4555-B5CA-4F04D95E670F}.Release|x64.ActiveCfg = Release|x64
		{2F4E0C22-9EA3-4555-B5CA-4F04D95E670F}.Release|x86.ActiveCfg = Release|Win32
		{2F4E0C22-9EA3-4555-B5CA-4F04D95E670F}.Release|x86.Build.0 = Release|Win32
		{62707EB8-A645-462A-8143-B0FE6484A9CC}.Debug|x64.ActiveCfg = Release|x64
		{62707EB8-A645-462A-8143-B0FE6484A9CC}.Debug|x86.ActiveCfg = Debug|Win32
		{62707EB8-A645-462A-8143-B0FE6484A9CC}.Debug|x86.Build.0 = Debug|Win32
		{62707EB8-A645-462A-8143-B0FE6484A9CC}.Release|x64.ActiveCfg = Release|x64
		{62707EB8-A645-462A-8143-B0FE6484A9CC}.Release|x86.ActiveCfg = Release|Win32
		{62707EB8-A645-462A-8143-B0FE6484A9CC}.Release|x86.Build.0 = Release|Win32
		{16CC2399-905A-4FE0-B1E4-DC2477971D6E}.Debug|x64.ActiveCfg = Release|x64
		{16CC2399-905A-4FE0-B1E4-DC2477971D6E}.Debug|x86.ActiveCfg = Debug|Win32
		{16CC2399-905A-4FE0-B1E4-DC2477971D6E}.Debug|x86.Build.0 = Debug|Win32
		{16CC2399-905A-4FE0-B1E4-DC2477971D6E}.Release|x64.ActiveCfg = Release|x64
		{16CC2399-905A-4FE0-B1E4-DC2477971D6E}.Release|x86.ActiveCfg = Release|Win32
		{16CC2399-905A-4FE0-B1E4-DC2477971D6E}.Release|x86.Build.0 = Release|Win32
	EndGlobalSection
	GlobalSection(SolutionProperties) = preSolution
		HideSolutionNode = FALSE
	EndGlobalSection
EndGlobal
